
Microsoft Visual Studio Solution File, Format Version 12.00
# Visual Studio Version 17
VisualStudioVersion = 17.0.31912.275
MinimumVisualStudioVersion = 10.0.40219.1
Project("{FAE04EC0-301F-11D3-BF4B-00C04F79EFBC}") = "automationpractice", "automationpractice\automationpractice.csproj", "{FC42D8FC-E596-4894-9011-E42E2CA80AA3}"
EndProject
Global
	GlobalSection(SolutionConfigurationPlatforms) = preSolution
		Debug|Any CPU = Debug|Any CPU
		Release|Any CPU = Release|Any CPU
	EndGlobalSection
	GlobalSection(ProjectConfigurationPlatforms) = postSolution
		{FC42D8FC-E596-4894-9011-E42E2CA80AA3}.Debug|Any CPU.ActiveCfg = Debug|Any CPU
		{FC42D8FC-E596-4894-9011-E42E2CA80AA3}.Debug|Any CPU.Build.0 = Debug|Any CPU
		{FC42D8FC-E596-4894-9011-E42E2CA80AA3}.Release|Any CPU.ActiveCfg = Release|Any CPU
		{FC42D8FC-E596-4894-9011-E42E2CA80AA3}.Release|Any CPU.Build.0 = Release|Any CPU
	EndGlobalSection
	GlobalSection(SolutionProperties) = preSolution
		HideSolutionNode = FALSE
	EndGlobalSection
	GlobalSection(ExtensibilityGlobals) = postSolution
		SolutionGuid = {B5D8349F-801C-45FC-81AD-C6ED39E4F0DD}
	EndGlobalSection
EndGlobal
